
Microsoft Visual Studio Solution File, Format Version 12.00
# Visual Studio 15
VisualStudioVersion = 15.0.28307.271
MinimumVisualStudioVersion = 10.0.40219.1
Project("{FAE04EC0-301F-11D3-BF4B-00C04F79EFBC}") = "Cookbook", "Cookbook\Cookbook.csproj", "{D5E988C2-B0F1-4751-8D64-740C5138A176}"
EndProject
Global
	GlobalSection(SolutionConfigurationPlatforms) = preSolution
		Debug|Any CPU = Debug|Any CPU
		Release|Any CPU = Release|Any CPU
	EndGlobalSection
	GlobalSection(ProjectConfigurationPlatforms) = postSolution
		{D5E988C2-B0F1-4751-8D64-740C5138A176}.Debug|Any CPU.ActiveCfg = Debug|Any CPU
		{D5E988C2-B0F1-4751-8D64-740C5138A176}.Debug|Any CPU.Build.0 = Debug|Any CPU
		{D5E988C2-B0F1-4751-8D64-740C5138A176}.Release|Any CPU.ActiveCfg = Release|Any CPU
		{D5E988C2-B0F1-4751-8D64-740C5138A176}.Release|Any CPU.Build.0 = Release|Any CPU
	EndGlobalSection
	GlobalSection(SolutionProperties) = preSolution
		HideSolutionNode = FALSE
	EndGlobalSection
	GlobalSection(ExtensibilityGlobals) = postSolution
		SolutionGuid = {442B5A5B-93D6-4EE6-9E72-22CD83480164}
	EndGlobalSection
EndGlobal
